// !$*UTF8*$!
{
	archiveVersion = 1;
	classes = {
	};
	objectVersion = 50;
	objects = {

/* Begin PBXBuildFile section */
		4CBDE6A3233A8F92006AEB45 /* AppDelegate.swift in Sources */ = {isa = PBXBuildFile; fileRef = 4CBDE6A2233A8F92006AEB45 /* AppDelegate.swift */; };
		4CBDE6AC233A8F97006AEB45 /* Assets.xcassets in Resources */ = {isa = PBXBuildFile; fileRef = 4CBDE6AB233A8F97006AEB45 /* Assets.xcassets */; };
		4CBDE6AF233A8F97006AEB45 /* LaunchScreen.storyboard in Resources */ = {isa = PBXBuildFile; fileRef = 4CBDE6AD233A8F97006AEB45 /* LaunchScreen.storyboard */; };
		4CBDE6BD233A9542006AEB45 /* HomeFeedController.swift in Sources */ = {isa = PBXBuildFile; fileRef = 4CBDE6BC233A9542006AEB45 /* HomeFeedController.swift */; };
		4CBDE6C2233A9B9F006AEB45 /* UIView.swift in Sources */ = {isa = PBXBuildFile; fileRef = 4CBDE6C1233A9B9F006AEB45 /* UIView.swift */; };
		4CBDE6C5233AD866006AEB45 /* AnchoredConstraints.swift in Sources */ = {isa = PBXBuildFile; fileRef = 4CBDE6C4233AD866006AEB45 /* AnchoredConstraints.swift */; };
/* End PBXBuildFile section */

/* Begin PBXFileReference section */
		4CBDE69F233A8F92006AEB45 /* AutoLayoutThroughExtensionsExample.app */ = {isa = PBXFileReference; explicitFileType = wrapper.application; includeInIndex = 0; path = AutoLayoutThroughExtensionsExample.app; sourceTree = BUILT_PRODUCTS_DIR; };
		4CBDE6A2233A8F92006AEB45 /* AppDelegate.swift */ = {isa = PBXFileReference; lastKnownFileType = sourcecode.swift; path = AppDelegate.swift; sourceTree = "<group>"; };
		4CBDE6AB233A8F97006AEB45 /* Assets.xcassets */ = {isa = PBXFileReference; lastKnownFileType = folder.assetcatalog; path = Assets.xcassets; sourceTree = "<group>"; };
		4CBDE6AE233A8F97006AEB45 /* Base */ = {isa = PBXFileReference; lastKnownFileType = file.storyboard; name = Base; path = Base.lproj/LaunchScreen.storyboard; sourceTree = "<group>"; };
		4CBDE6B0233A8F97006AEB45 /* Info.plist */ = {isa = PBXFileReference; lastKnownFileType = text.plist.xml; path = Info.plist; sourceTree = "<group>"; };
		4CBDE6BC233A9542006AEB45 /* HomeFeedController.swift */ = {isa = PBXFileReference; lastKnownFileType = sourcecode.swift; path = HomeFeedController.swift; sourceTree = "<group>"; };
		4CBDE6C1233A9B9F006AEB45 /* UIView.swift */ = {isa = PBXFileReference; lastKnownFileType = sourcecode.swift; path = UIView.swift; sourceTree = "<group>"; };
		4CBDE6C4233AD866006AEB45 /* AnchoredConstraints.swift */ = {isa = PBXFileReference; lastKnownFileType = sourcecode.swift; path = AnchoredConstraints.swift; sourceTree = "<group>"; };
/* End PBXFileReference section */

/* Begin PBXFrameworksBuildPhase section */
		4CBDE69C233A8F92006AEB45 /* Frameworks */ = {
			isa = PBXFrameworksBuildPhase;
			buildActionMask = 2147483647;
			files = (
			);
			runOnlyForDeploymentPostprocessing = 0;
		};
/* End PBXFrameworksBuildPhase section */

/* Begin PBXGroup section */
		4CBDE696233A8F92006AEB45 = {
			isa = PBXGroup;
			children = (
				4CBDE6B6233A92B2006AEB45 /* Sources */,
				4CBDE6A0233A8F92006AEB45 /* Products */,
			);
			sourceTree = "<group>";
		};
		4CBDE6A0233A8F92006AEB45 /* Products */ = {
			isa = PBXGroup;
			children = (
				4CBDE69F233A8F92006AEB45 /* AutoLayoutThroughExtensionsExample.app */,
			);
			name = Products;
			sourceTree = "<group>";
		};
		4CBDE6B6233A92B2006AEB45 /* Sources */ = {
			isa = PBXGroup;
			children = (
				4CBDE6B7233A92BE006AEB45 /* Controllers */,
				4CBDE6B8233A92C6006AEB45 /* Resources */,
				4CBDE6B9233A92D7006AEB45 /* Startup */,
				4CBDE6BA233A92F3006AEB45 /* Supporting Files */,
			);
			path = Sources;
			sourceTree = "<group>";
		};
		4CBDE6B7233A92BE006AEB45 /* Controllers */ = {
			isa = PBXGroup;
			children = (
				4CBDE6BC233A9542006AEB45 /* HomeFeedController.swift */,
			);
			path = Controllers;
			sourceTree = "<group>";
		};
		4CBDE6B8233A92C6006AEB45 /* Resources */ = {
			isa = PBXGroup;
			children = (
				4CBDE6AB233A8F97006AEB45 /* Assets.xcassets */,
				4CBDE6BE233A9B79006AEB45 /* Extensions */,
				4CBDE6C3233AD84A006AEB45 /* Helpers */,
			);
			path = Resources;
			sourceTree = "<group>";
		};
		4CBDE6B9233A92D7006AEB45 /* Startup */ = {
			isa = PBXGroup;
			children = (
				4CBDE6A2233A8F92006AEB45 /* AppDelegate.swift */,
			);
			path = Startup;
			sourceTree = "<group>";
		};
		4CBDE6BA233A92F3006AEB45 /* Supporting Files */ = {
			isa = PBXGroup;
			children = (
				4CBDE6B0233A8F97006AEB45 /* Info.plist */,
				4CBDE6AD233A8F97006AEB45 /* LaunchScreen.storyboard */,
			);
			path = "Supporting Files";
			sourceTree = "<group>";
		};
		4CBDE6BE233A9B79006AEB45 /* Extensions */ = {
			isa = PBXGroup;
			children = (
				4CBDE6C1233A9B9F006AEB45 /* UIView.swift */,
			);
			path = Extensions;
			sourceTree = "<group>";
		};
		4CBDE6C3233AD84A006AEB45 /* Helpers */ = {
			isa = PBXGroup;
			children = (
				4CBDE6C4233AD866006AEB45 /* AnchoredConstraints.swift */,
			);
			path = Helpers;
			sourceTree = "<group>";
		};
/* End PBXGroup section */

/* Begin PBXNativeTarget section */
		4CBDE69E233A8F92006AEB45 /* AutoLayoutThroughExtensionsExample */ = {
			isa = PBXNativeTarget;
			buildConfigurationList = 4CBDE6B3233A8F97006AEB45 /* Build configuration list for PBXNativeTarget "AutoLayoutThroughExtensionsExample" */;
			buildPhases = (
				4CBDE69B233A8F92006AEB45 /* Sources */,
				4CBDE69C233A8F92006AEB45 /* Frameworks */,
				4CBDE69D233A8F92006AEB45 /* Resources */,
			);
			buildRules = (
			);
			dependencies = (
			);
			name = AutoLayoutThroughExtensionsExample;
			productName = AutoLayoutThroughExtensionsExample;
			productReference = 4CBDE69F233A8F92006AEB45 /* AutoLayoutThroughExtensionsExample.app */;
			productType = "com.apple.product-type.application";
		};
/* End PBXNativeTarget section */

/* Begin PBXProject section */
		4CBDE697233A8F92006AEB45 /* Project object */ = {
			isa = PBXProject;
			attributes = {
				LastSwiftUpdateCheck = 1100;
				LastUpgradeCheck = 1100;
				ORGANIZATIONNAME = "Marcus Vinícius";
				TargetAttributes = {
					4CBDE69E233A8F92006AEB45 = {
						CreatedOnToolsVersion = 11.0;
					};
				};
			};
			buildConfigurationList = 4CBDE69A233A8F92006AEB45 /* Build configuration list for PBXProject "AutoLayoutThroughExtensionsExample" */;
			compatibilityVersion = "Xcode 9.3";
			developmentRegion = en;
			hasScannedForEncodings = 0;
			knownRegions = (
				en,
				Base,
			);
			mainGroup = 4CBDE696233A8F92006AEB45;
			productRefGroup = 4CBDE6A0233A8F92006AEB45 /* Products */;
			projectDirPath = "";
			projectRoot = "";
			targets = (
				4CBDE69E233A8F92006AEB45 /* AutoLayoutThroughExtensionsExample */,
			);
		};
/* End PBXProject section */

/* Begin PBXResourcesBuildPhase section */
		4CBDE69D233A8F92006AEB45 /* Resources */ = {
			isa = PBXResourcesBuildPhase;
			buildActionMask = 2147483647;
			files = (
				4CBDE6AF233A8F97006AEB45 /* LaunchScreen.storyboard in Resources */,
				4CBDE6AC233A8F97006AEB45 /* Assets.xcassets in Resources */,
			);
			runOnlyForDeploymentPostprocessing = 0;
		};
/* End PBXResourcesBuildPhase section */

/* Begin PBXSourcesBuildPhase section */
		4CBDE69B233A8F92006AEB45 /* Sources */ = {
			isa = PBXSourcesBuildPhase;
			buildActionMask = 2147483647;
			files = (
				4CBDE6C5233AD866006AEB45 /* AnchoredConstraints.swift in Sources */,
				4CBDE6BD233A9542006AEB45 /* HomeFeedController.swift in Sources */,
				4CBDE6C2233A9B9F006AEB45 /* UIView.swift in Sources */,
				4CBDE6A3233A8F92006AEB45 /* AppDelegate.swift in Sources */,
			);
			runOnlyForDeploymentPostprocessing = 0;
		};
/* End PBXSourcesBuildPhase section */

/* Begin PBXVariantGroup section */
		4CBDE6AD233A8F97006AEB45 /* LaunchScreen.storyboard */ = {
			isa = PBXVariantGroup;
			children = (
				4CBDE6AE233A8F97006AEB45 /* Base */,
			);
			name = LaunchScreen.storyboard;
			sourceTree = "<group>";
		};
/* End PBXVariantGroup section */

/* Begin XCBuildConfiguration section */
		4CBDE6B1233A8F97006AEB45 /* Debug */ = {
			isa = XCBuildConfiguration;
			buildSettings = {
				ALWAYS_SEARCH_USER_PATHS = NO;
				CLANG_ANALYZER_NONNULL = YES;
				CLANG_ANALYZER_NUMBER_OBJECT_CONVERSION = YES_AGGRESSIVE;
				CLANG_CXX_LANGUAGE_STANDARD = "gnu++14";
				CLANG_CXX_LIBRARY = "libc++";
				CLANG_ENABLE_MODULES = YES;
				CLANG_ENABLE_OBJC_ARC = YES;
				CLANG_ENABLE_OBJC_WEAK = YES;
				CLANG_WARN_BLOCK_CAPTURE_AUTORELEASING = YES;
				CLANG_WARN_BOOL_CONVERSION = YES;
				CLANG_WARN_COMMA = YES;
				CLANG_WARN_CONSTANT_CONVERSION = YES;
				CLANG_WARN_DEPRECATED_OBJC_IMPLEMENTATIONS = YES;
				CLANG_WARN_DIRECT_OBJC_ISA_USAGE = YES_ERROR;
				CLANG_WARN_DOCUMENTATION_COMMENTS = YES;
				CLANG_WARN_EMPTY_BODY = YES;
				CLANG_WARN_ENUM_CONVERSION = YES;
				CLANG_WARN_INFINITE_RECURSION = YES;
				CLANG_WARN_INT_CONVERSION = YES;
				CLANG_WARN_NON_LITERAL_NULL_CONVERSION = YES;
				CLANG_WARN_OBJC_IMPLICIT_RETAIN_SELF = YES;
				CLANG_WARN_OBJC_LITERAL_CONVERSION = YES;
				CLANG_WARN_OBJC_ROOT_CLASS = YES_ERROR;
				CLANG_WARN_RANGE_LOOP_ANALYSIS = YES;
				CLANG_WARN_STRICT_PROTOTYPES = YES;
				CLANG_WARN_SUSPICIOUS_MOVE = YES;
				CLANG_WARN_UNGUARDED_AVAILABILITY = YES_AGGRESSIVE;
				CLANG_WARN_UNREACHABLE_CODE = YES;
				CLANG_WARN__DUPLICATE_METHOD_MATCH = YES;
				COPY_PHASE_STRIP = NO;
				DEBUG_INFORMATION_FORMAT = dwarf;
				ENABLE_STRICT_OBJC_MSGSEND = YES;
				ENABLE_TESTABILITY = YES;
				GCC_C_LANGUAGE_STANDARD = gnu11;
				GCC_DYNAMIC_NO_PIC = NO;
				GCC_NO_COMMON_BLOCKS = YES;
				GCC_OPTIMIZATION_LEVEL = 0;
				GCC_PREPROCESSOR_DEFINITIONS = (
					"DEBUG=1",
					"$(inherited)",
				);
				GCC_WARN_64_TO_32_BIT_CONVERSION = YES;
				GCC_WARN_ABOUT_RETURN_TYPE = YES_ERROR;
				GCC_WARN_UNDECLARED_SELECTOR = YES;
				GCC_WARN_UNINITIALIZED_AUTOS = YES_AGGRESSIVE;
				GCC_WARN_UNUSED_FUNCTION = YES;
				GCC_WARN_UNUSED_VARIABLE = YES;
				IPHONEOS_DEPLOYMENT_TARGET = 13.0;
				MTL_ENABLE_DEBUG_INFO = INCLUDE_SOURCE;
				MTL_FAST_MATH = YES;
				ONLY_ACTIVE_ARCH = YES;
				SDKROOT = iphoneos;
				SWIFT_ACTIVE_COMPILATION_CONDITIONS = DEBUG;
				SWIFT_OPTIMIZATION_LEVEL = "-Onone";
			};
			name = Debug;
		};
		4CBDE6B2233A8F97006AEB45 /* Release */ = {
			isa = XCBuildConfiguration;
			buildSettings = {
				ALWAYS_SEARCH_USER_PATHS = NO;
				CLANG_ANALYZER_NONNULL = YES;
				CLANG_ANALYZER_NUMBER_OBJECT_CONVERSION = YES_AGGRESSIVE;
				CLANG_CXX_LANGUAGE_STANDARD = "gnu++14";
				CLANG_CXX_LIBRARY = "libc++";
				CLANG_ENABLE_MODULES = YES;
				CLANG_ENABLE_OBJC_ARC = YES;
				CLANG_ENABLE_OBJC_WEAK = YES;
				CLANG_WARN_BLOCK_CAPTURE_AUTORELEASING = YES;
				CLANG_WARN_BOOL_CONVERSION = YES;
				CLANG_WARN_COMMA = YES;
				CLANG_WARN_CONSTANT_CONVERSION = YES;
				CLANG_WARN_DEPRECATED_OBJC_IMPLEMENTATIONS = YES;
				CLANG_WARN_DIRECT_OBJC_ISA_USAGE = YES_ERROR;
				CLANG_WARN_DOCUMENTATION_COMMENTS = YES;
				CLANG_WARN_EMPTY_BODY = YES;
				CLANG_WARN_ENUM_CONVERSION = YES;
				CLANG_WARN_INFINITE_RECURSION = YES;
				CLANG_WARN_INT_CONVERSION = YES;
				CLANG_WARN_NON_LITERAL_NULL_CONVERSION = YES;
				CLANG_WARN_OBJC_IMPLICIT_RETAIN_SELF = YES;
				CLANG_WARN_OBJC_LITERAL_CONVERSION = YES;
				CLANG_WARN_OBJC_ROOT_CLASS = YES_ERROR;
				CLANG_WARN_RANGE_LOOP_ANALYSIS = YES;
				CLANG_WARN_STRICT_PROTOTYPES = YES;
				CLANG_WARN_SUSPICIOUS_MOVE = YES;
				CLANG_WARN_UNGUARDED_AVAILABILITY = YES_AGGRESSIVE;
				CLANG_WARN_UNREACHABLE_CODE = YES;
				CLANG_WARN__DUPLICATE_METHOD_MATCH = YES;
				COPY_PHASE_STRIP = NO;
				DEBUG_INFORMATION_FORMAT = "dwarf-with-dsym";
				ENABLE_NS_ASSERTIONS = NO;
				ENABLE_STRICT_OBJC_MSGSEND = YES;
				GCC_C_LANGUAGE_STANDARD = gnu11;
				GCC_NO_COMMON_BLOCKS = YES;
				GCC_WARN_64_TO_32_BIT_CONVERSION = YES;
				GCC_WARN_ABOUT_RETURN_TYPE = YES_ERROR;
				GCC_WARN_UNDECLARED_SELECTOR = YES;
				GCC_WARN_UNINITIALIZED_AUTOS = YES_AGGRESSIVE;
				GCC_WARN_UNUSED_FUNCTION = YES;
				GCC_WARN_UNUSED_VARIABLE = YES;
				IPHONEOS_DEPLOYMENT_TARGET = 13.0;
				MTL_ENABLE_DEBUG_INFO = NO;
				MTL_FAST_MATH = YES;
				SDKROOT = iphoneos;
				SWIFT_COMPILATION_MODE = wholemodule;
				SWIFT_OPTIMIZATION_LEVEL = "-O";
				VALIDATE_PRODUCT = YES;
			};
			name = Release;
		};
		4CBDE6B4233A8F97006AEB45 /* Debug */ = {
			isa = XCBuildConfiguration;
			buildSettings = {
				ASSETCATALOG_COMPILER_APPICON_NAME = AppIcon;
				CODE_SIGN_STYLE = Automatic;
				CURRENT_PROJECT_VERSION = 1;
				DEVELOPMENT_TEAM = 799V25S6K7;
				INFOPLIST_FILE = "$(SRCROOT)/Sources/Supporting Files/Info.plist";
				LD_RUNPATH_SEARCH_PATHS = (
					"$(inherited)",
					"@executable_path/Frameworks",
				);
				MARKETING_VERSION = 1.0;
				PRODUCT_BUNDLE_IDENTIFIER = com.academy.AutoLayoutThroughExtensionsExample;
				PRODUCT_NAME = "$(TARGET_NAME)";
				SWIFT_VERSION = 5.0;
				TARGETED_DEVICE_FAMILY = "1,2";
			};
			name = Debug;
		};
		4CBDE6B5233A8F97006AEB45 /* Release */ = {
			isa = XCBuildConfiguration;
			buildSettings = {
				ASSETCATALOG_COMPILER_APPICON_NAME = AppIcon;
				CODE_SIGN_STYLE = Automatic;
				CURRENT_PROJECT_VERSION = 1;
				DEVELOPMENT_TEAM = 799V25S6K7;
				INFOPLIST_FILE = "$(SRCROOT)/Sources/Supporting Files/Info.plist";
				LD_RUNPATH_SEARCH_PATHS = (
					"$(inherited)",
					"@executable_path/Frameworks",
				);
				MARKETING_VERSION = 1.0;
				PRODUCT_BUNDLE_IDENTIFIER = com.academy.AutoLayoutThroughExtensionsExample;
				PRODUCT_NAME = "$(TARGET_NAME)";
				SWIFT_VERSION = 5.0;
				TARGETED_DEVICE_FAMILY = "1,2";
			};
			name = Release;
		};
/* End XCBuildConfiguration section */

/* Begin XCConfigurationList section */
		4CBDE69A233A8F92006AEB45 /* Build configuration list for PBXProject "AutoLayoutThroughExtensionsExample" */ = {
			isa = XCConfigurationList;
			buildConfigurations = (
				4CBDE6B1233A8F97006AEB45 /* Debug */,
				4CBDE6B2233A8F97006AEB45 /* Release */,
			);
			defaultConfigurationIsVisible = 0;
			defaultConfigurationName = Release;
		};
		4CBDE6B3233A8F97006AEB45 /* Build configuration list for PBXNativeTarget "AutoLayoutThroughExtensionsExample" */ = {
			isa = XCConfigurationList;
			buildConfigurations = (
				4CBDE6B4233A8F97006AEB45 /* Debug */,
				4CBDE6B5233A8F97006AEB45 /* Release */,
			);
			defaultConfigurationIsVisible = 0;
			defaultConfigurationName = Release;
		};
/* End XCConfigurationList section */
	};
	rootObject = 4CBDE697233A8F92006AEB45 /* Project object */;
}
